version = 1
revision = 3
requires-python = "==3.13.*"

[[package]]
name = "dataclasses-json"
version = "0.6.7"
source = { registry = "https://pypi.org/simple" }
dependencies = [
    { name = "marshmallow" },
    { name = "typing-inspect" },
]
sdist = { url = "https://files.pythonhosted.org/packages/64/a4/f71d9cf3a5ac257c993b5ca3f93df5f7fb395c725e7f1e6479d2514173c3/dataclasses_json-0.6.7.tar.gz", hash = "sha256:b6b3e528266ea45b9535223bc53ca645f5208833c29229e847b3f26a1cc55fc0", size = 32227, upload-time = "2024-06-09T16:20:19.103Z" }
wheels = [
    { url = "https://files.pythonhosted.org/packages/c3/be/d0d44e092656fe7a06b55e6103cbce807cdbdee17884a5367c68c9860853/dataclasses_json-0.6.7-py3-none-any.whl", hash = "sha256:0dbf33f26c8d5305befd61b39d2b3414e8a407bedc2834dea9b8d642666fb40a", size = 28686, upload-time = "2024-06-09T16:20:16.715Z" },
]

[[package]]
name = "deprecated"
version = "3.0.0"
source = { registry = "https://pypi.org/simple" }
dependencies = [
    { name = "wrapt" },
]
sdist = { url = "https://files.pythonhosted.org/packages/f7/9c/16649913bf14c73e0a9453782e148362ff2657067deff6aa9c7ebcddcc31/deprecated-3.0.0.tar.gz", hash = "sha256:16850204d3a1e6bb0acd06bff48d96e8b0a0d25d1c52f71705405a0f4894192d", size = 166912, upload-time = "2026-09-26T13:58:10.675Z" }
wheels = [
    { url = "https://files.pythonhosted.org/packages/83/ae/676feae8e4644a6d7169951a97f61c56f416c73f67bf1761f2461d75cc81/deprecated-3.0.0-py3-none-any.whl", hash = "sha256:58204cf4a7f6270d547af5c278ee7a6bb56045a4b3d8441a1cd11660f41b7939", size = 21912, upload-time = "2026-09-26T13:58:09.458Z" },
]

[[package]]
name = "embreex"
version = "4.4.0"
source = { registry = "https://pypi.org/simple" }
dependencies = [
    { name = "numpy" },
]
wheels = [
    { url = "https://files.pythonhosted.org/packages/9b/58/56b0ef72a128da86892f89f61f0c91bf60c6ea20c2ab952cb88e05c4e89b/embreex-4.4.0-cp313-cp313-macosx_13_0_arm64.whl", hash = "sha256:096cffa6be78966b0214b26f09fc22cb5ebcfbd4fe9fdc27caf6400869058a51", size = 5094712, upload-time = "2026-04-22T19:47:02.112Z" },
    { url = "https://files.pythonhosted.org/packages/36/d2/9bbde8d9d520c2a7bcad892631165b9676d9dcbde381f25bfda06d0f6e42/embreex-4.4.0-cp313-cp313-macosx_13_0_x86_64.whl", hash = "sha256:078bae4dcebb2a64c8dde6b3c178f258f966c4514e265608620033a6c907e21b", size = 13212105, upload-time = "2026-04-22T19:47:04.511Z" },
    { url = "https://files.pythonhosted.org/packages/03/5d/3e5ca5dea1c2c5b4604f3bedb67ea4beaa465398d9c04d8124ca3d657b05/embreex-4.4.0-cp313-cp313-manylinux_2_27_x86_64.manylinux_2_28_x86_64.whl", hash = "sha256:cd305875e2cd7c51004a423fe7da9881fa266fa4a50e61dd546978e10f020e66", size = 14486730, upload-time = "2026-04-22T19:47:07.229Z" },
    { url = "https://files.pythonhosted.org/packages/45/00/26741306e557129d398744601cd9bca4069d52cebe146ba99e535f9f2c65/embreex-4.4.0-cp313-cp313-win_amd64.whl", hash = "sha256:433de9063843804d70bb3c1680619bb28bc6403b79d3d94560ec9acc3df96eda", size = 13117246, upload-time = "2026-04-22T19:47:10.08Z" },
]

[[package]]
name = "game-models"
version = "0.1.0"
source = { virtual = "." }
dependencies = [
    { name = "embreex" },
    { name = "manifold3d" },
    { name = "numba" },
    { name = "numpy" },
    { name = "pillow" },
    { name = "pygltflib" },
    { name = "pymeshlab" },
    { name = "scikit-image" },
    { name = "scipy" },
    { name = "trimesh" },
    { name = "xatlas" },
]

[package.metadata]
requires-dist = [
    { name = "embreex", specifier = ">=4.4.0" },
    { name = "manifold3d", specifier = ">=3.5.4" },
    { name = "numba", specifier = ">=0.68.0" },
    { name = "numpy", specifier = ">=2.5.3" },
    { name = "pillow", specifier = ">=12.3.0" },
    { name = "pygltflib", specifier = ">=1.16.5" },
    { name = "pymeshlab", specifier = ">=2025.7.post1" },
    { name = "scikit-image", specifier = ">=0.26.0" },
    { name = "scipy", specifier = ">=1.18.1" },
    { name = "trimesh", specifier = ">=5.1.0" },
    { name = "xatlas", specifier = ">=0.0.11" },
]

[[package]]
name = "imageio"
version = "2.38.0"
source = { registry = "https://pypi.org/simple" }
dependencies = [
    { name = "numpy" },
    { name = "pillow" },
]
sdist = { url = "https://files.pythonhosted.org/packages/81/c8/2b56274457e4fadcfa86bf7c0fb93f19e124ab8f38f4bfa4372423052046/imageio-2.38.0.tar.gz", hash = "sha256:fe1d406862f6bc2930e8ec662d7bc40d4370cb76e3390dcd33819560d2708531", size = 403333, upload-time = "2026-09-28T07:44:08.101Z" }
wheels = [
    { url = "https://files.pythonhosted.org/packages/ba/4b/87a794e51d150f62a55715c453c9afbf6103fe24afef6db26a929a8480b7/imageio-2.38.0-py3-none-any.whl", hash = "sha256:474ea3a39e36e0e8e02d81d7f10412aaecec7a2825e5fbc4f44cbcd7bb7cebfc", size = 328055, upload-time = "2026-09-28T07:44:06.169Z" },
]

[[package]]
name = "lazy-loader"
version = "0.6"
source = { registry = "https://pypi.org/simple" }
dependencies = [
    { name = "packaging" },
]
sdist = { url = "https://files.pythonhosted.org/packages/19/8c/0f2ff2a8b7513e68871a74740c17a504b0488c679b379e6445ebb7bd78dc/lazy_loader-0.6.tar.gz", hash = "sha256:2f4b7824d6401958639008a0cae20c776b61dff619accd6890693e2de8260167", size = 18438, upload-time = "2026-09-21T21:31:32.982Z" }
wheels = [
    { url = "https://files.pythonhosted.org/packages/23/93/4e45e37f26c820216704b36b8e67cc55c490a7abd287a78a26a2c0e21386/lazy_loader-0.6-py3-none-any.whl", hash = "sha256:77253be3391b06124a0e16105bd663b6c54470af1a9ca8e1cf026f38d58ed056", size = 8791, upload-time = "2026-09-21T21:31:31.632Z" },
]

[[package]]
name = "llvmlite"
version = "0.50.0"
source = { registry = "https://pypi.org/simple" }
sdist = { url = "https://files.pythonhosted.org/packages/11/c5/907cec40688a34eb489cded74d555e1ee4af8cf49d83e03dba2c2d4cfe27/llvmlite-0.50.0.tar.gz", hash = "sha256:f2a2cd6ec9ffcc1b7147dea0d7a49efebf17a2b434e0c2844fe175999d571eb4", size = 194522, upload-time = "2026-09-29T18:44:46.782Z" }
wheels = [
    { url = "https://files.pythonhosted.org/packages/b8/1f/1d585b2122bcc9fe1615c0097730baebdef1b80e6acd07fe921ee501576b/llvmlite-0.50.0-cp313-cp313-macosx_12_0_arm64.whl", hash = "sha256:a32980e3d727b0e56974ad89d0764920048602a75805b8917cc0298e798b0ced", size = 40534276, upload-time = "2026-09-29T18:43:16.012Z" },
    { url = "https://files.pythonhosted.org/packages/21/3e/d5dbbc80bd87c3530bae1127cefce56b36434cc8a7fbbac281309e2af435/llvmlite-0.50.0-cp313-cp313-manylinux_2_27_aarch64.manylinux_2_28_aarch64.whl", hash = "sha256:7dde9836d144c446a303b57b2dd906c35308411eb07f1279c1db581d3d774048", size = 58344486, upload-time = "2026-09-29T18:43:20.663Z" },
    { url = "https://files.pythonhosted.org/packages/ed/c2/5e9d0773f1589397a3ea3dcfa4bbee36e2855ad938d738dd6ff9f505a59b/llvmlite-0.50.0-cp313-cp313-manylinux_2_27_x86_64.manylinux_2_28_x86_64.whl", hash = "sha256:425845f415a06dc50db08db033c6b568e0d85c4937e932c605a4d49e1514b2da", size = 59696589, upload-time = "2026-09-29T18:43:25.605Z" },
    { url = "https://files.pythonhosted.org/packages/d5/17/894321d44cf94fa5cf921eff4e7ff24c7732c3d702236d40d6055b68a693/llvmlite-0.50.0-cp313-cp313-win_amd64.whl", hash = "sha256:266a6a29be71c3e3a22960ddcedf66b4e0388e5abb6cc4991cc093d6df402ad7", size = 41865552, upload-time = "2026-09-29T18:43:29.755Z" },
    { url = "https://files.pythonhosted.org/packages/b1/d7/c3c3a70f057c18313515af3bd970c1faa348121e2545d6074f22011feca9/llvmlite-0.50.0-cp313-cp313-win_arm64.whl", hash = "sha256:1cb21c420a47dcfa56223228d013c6f9d234e05e06e6819a41638d78bbd78e6c", size = 37441843, upload-time = "2026-09-29T18:43:33.292Z" },
]

[[package]]
name = "manifold3d"
version = "3.5.4"
source = { registry = "https://pypi.org/simple" }
dependencies = [
    { name = "numpy" },
]
sdist = { url = "https://files.pythonhosted.org/packages/f3/0f/1f7e51a8f9a6f25e837159c5bf7c95a3ae948aa12e1c5fdeee0fd90ca5f9/manifold3d-3.5.4.tar.gz", hash = "sha256:5bd88c482c6fd7fc01aa7b715b3e31c2585ee98343d5559d286ba30db0d0b6f0", size = 307695, upload-time = "2026-09-25T10:46:09.083Z" }
wheels = [
    { url = "https://files.pythonhosted.org/packages/56/a7/12b1585a876eca4a1cf4985c45ce165a9c13583dd7b74f0c1f19cbf7c23e/manifold3d-3.5.4-cp313-cp313-macosx_10_14_universal2.whl", hash = "sha256:f26933565a268f91e222a494570bebe494bde204277134b3e32e0d6ac686a9ad", size = 1843251, upload-time = "2026-09-25T10:45:34.177Z" },
    { url = "https://files.pythonhosted.org/packages/b5/3b/4f030178617d1309883a857318e2764ca9ddb1080e9d9be66f326ce30286/manifold3d-3.5.4-cp313-cp313-macosx_10_14_x86_64.whl", hash = "sha256:95b512975ae13d5ecc57a9d388cf84be4cc717add5173d7d5fa408e6d6a07677", size = 1005296, upload-time = "2026-09-25T10:45:35.763Z" },
    { url = "https://files.pythonhosted.org/packages/5e/55/6f434b0b4750565ac57dd5dcd3b2770b7de408988f0d9a044bf587863e7d/manifold3d-3.5.4-cp313-cp313-macosx_11_0_arm64.whl", hash = "sha256:ed0736f472c3362b8084867f10a724a9a483927bdb7cbfceb564acc52a7f4273", size = 884711, upload-time = "2026-09-25T10:45:37.364Z" },
    { url = "https://files.pythonhosted.org/packages/5c/91/f5ccf45874cd667005107b654390e6379a2d970ed5fe6e5989bf24f4c7d6/manifold3d-3.5.4-cp313-cp313-manylinux_2_26_aarch64.manylinux_2_28_aarch64.whl", hash = "sha256:8b46d2f19017fc2f3095d71cc111b8574e92afd5515d70529720324da5b1c0ed", size = 1317898, upload-time = "2026-09-25T10:45:38.768Z" },
    { url = "https://files.pythonhosted.org/packages/ac/9e/993cc841e4d88e2c8e6b1c5dfc52d4d0e8f78a46fbeaa98ff9bd539e3248/manifold3d-3.5.4-cp313-cp313-manylinux_2_27_x86_64.manylinux_2_28_x86_64.whl", hash = "sha256:7a5469641713f1bc291fea873cb134c435704df36828d134190fc2475b304259", size = 1427121, upload-time = "2026-09-25T10:45:40.199Z" },
    { url = "https://files.pythonhosted.org/packages/ea/7a/316e60dea127721fcd523210c2e6c641ab2fa5f6c957eb8a83222f0d7ee4/manifold3d-3.5.4-cp313-cp313-win_amd64.whl", hash = "sha256:76975aa4ebd18dcb0481e43dac3ed70d78066e9ad047e73a5f7dbc0df1553cf4", size = 1036021, upload-time = "2026-09-25T10:45:41.554Z" },
    { url = "https://files.pythonhosted.org/packages/d1/e7/a96928beac5287485cc0f61ac34c3b2ee42f57221d279a7d3bb176739a4d/manifold3d-3.5.4-cp313-cp313-win_arm64.whl", hash = "sha256:552ffb1f79ef77f1c7e05d638ee43e7fe88c652b1f9b042a88aab1fef85fc28c", size = 1144955, upload-time = "2026-09-29T05:41:57.75Z" },
]

[[package]]
name = "marshmallow"
version = "3.26.2"
source = { registry = "https://pypi.org/simple" }
dependencies = [
    { name = "packaging" },
]
sdist = { url = "https://files.pythonhosted.org/packages/55/79/de6c16cc902f4fc372236926b0ce2ab7845268dcc30fb2fbb7f71b418631/marshmallow-3.26.2.tar.gz", hash = "sha256:bbe2adb5a03e6e3571b573f42527c6fe926e17467833660bebd11593ab8dfd57", size = 222095, upload-time = "2025-12-22T06:53:53.309Z" }
wheels = [
    { url = "https://files.pythonhosted.org/packages/be/2f/5108cb3ee4ba6501748c4908b908e55f42a5b66245b4cfe0c99326e1ef6e/marshmallow-3.26.2-py3-none-any.whl", hash = "sha256:013fa8a3c4c276c24d26d84ce934dc964e2aa794345a0f8c7e5a7191482c8a73", size = 50964, upload-time = "2025-12-22T06:53:51.801Z" },
]

[[package]]
name = "mypy-extensions"
version = "1.1.0"
source = { registry = "https://pypi.org/simple" }
sdist = { url = "https://files.pythonhosted.org/packages/a2/6e/371856a3fb9d31ca8dac321cda606860fa4548858c0cc45d9d1d4ca2628b/mypy_extensions-1.1.0.tar.gz", hash = "sha256:52e68efc3284861e772bbcd66823fde5ae21fd2fdb51c62a211403730b916558", size = 6343, upload-time = "2025-04-22T14:54:24.164Z" }
wheels = [
    { url = "https://files.pythonhosted.org/packages/79/7b/2c79738432f5c924bef5071f933bcc9efd0473bac3b4aa584a6f7c1c8df8/mypy_extensions-1.1.0-py3-none-any.whl", hash = "sha256:1be4cccdb0f2482337c4743e60421de3a356cd97508abadd57d47403e94f5505", size = 4963, upload-time = "2025-04-22T14:54:22.983Z" },
]

[[package]]
name = "networkx"
version = "3.7"
source = { registry = "https://pypi.org/simple" }
sdist = { url = "https://files.pythonhosted.org/packages/dc/76/3af777226b63a5e64a6b36b1ec5855c14e2b94a37096d4760e595fc43511/networkx-3.7.tar.gz", hash = "sha256:fd77a511bd90f39f3d016351345b52cf5319b813bdca01de3f755d3cca62e96a", size = 1866482, upload-time = "2026-09-21T16:45:16.974Z" }
wheels = [
    { url = "https://files.pythonhosted.org/packages/7e/cd/fe58041e9011f307c490e3e17dd48cc516448f7c698a3f2d9d9d65d7e6a8/networkx-3.7-py3-none-any.whl", hash = "sha256:e3fd2c13a7814cee3746340d8d7f8598a67f16a58bf47fb7f8793fab6efca1b0", size = 2142205, upload-time = "2026-09-21T16:45:14.609Z" },
]

[[package]]
name = "numba"
version = "0.68.0"
source = { registry = "https://pypi.org/simple" }
dependencies = [
    { name = "llvmlite" },
    { name = "numpy" },
]
sdist = { url = "https://files.pythonhosted.org/packages/4e/cd/e8280f9ffa30fea9fabc5341223701231fcc5d53a31f51419d42d4bec3a6/numba-0.68.0.tar.gz", hash = "sha256:8a781de54b980b98f43bff7f1093701b5f07c80d031c7cfa8a87493d8bf73f2d", size = 2855363, upload-time = "2026-09-30T15:05:44.721Z" }
wheels = [
    { url = "https://files.pythonhosted.org/packages/a2/4d/42754c94f8f909b9981fd44d28292a93bca6429d93f3e1ae58ac7de9b08b/numba-0.68.0-cp313-cp313-macosx_12_0_arm64.whl", hash = "sha256:b8b29602f57df06c724fc53b1740887bc4332f202206771d46e47b25b485e904", size = 2760360, upload-time = "2026-09-30T15:05:04.386Z" },
    { url = "https://files.pythonhosted.org/packages/b3/1c/8bae32109a826a49666a9645012b98d6e09ad496932a877c97a2c39dde50/numba-0.68.0-cp313-cp313-manylinux_2_27_aarch64.manylinux_2_28_aarch64.whl", hash = "sha256:df6f881c5695f472873d0979bab54261959b3174b6c98a71f6f8a43c3e088985", size = 3560908, upload-time = "2026-09-30T15:05:06.832Z" },
    { url = "https://files.pythonhosted.org/packages/aa/b1/0b504ae34d1b79a6482a0ffcbfd1b103dde02329c11525033e02633f7984/numba-0.68.0-cp313-cp313-manylinux_2_27_x86_64.manylinux_2_28_x86_64.whl", hash = "sha256:be647fbc60c18c0323b34479f80173879654894eec58ad061f4b1901e294d854", size = 3848615, upload-time = "2026-09-30T15:05:08.976Z" },
    { url = "https://files.pythonhosted.org/packages/8d/a5/06d1dd4553dcc71a3a18defe9e6e26e3c011b566bc9060d4f6e4bca0e0ed/numba-0.68.0-cp313-cp313-win_amd64.whl", hash = "sha256:bf7435c81912e271a28a19c348ada5b3986e2409f95a067533c5f4aab8709295", size = 2830730, upload-time = "2026-09-30T15:05:11.232Z" },
    { url = "https://files.pythonhosted.org/packages/93/d8/6b01de5fa7b4c3866c0fb680833fd58b4fc48d1e7febb46e992f0b0f0e7b/numba-0.68.0-cp313-cp313-win_arm64.whl", hash = "sha256:50e3c81d8bf6956c7d7330a985bf1468efaa9e4c4539c9fa0ac6c7866ea6e369", size = 2812090, upload-time = "2026-09-30T15:05:13.455Z" },
]

[[package]]
name = "numpy"
version = "2.5.3"
source = { registry = "https://pypi.org/simple" }
sdist = { url = "https://files.pythonhosted.org/packages/13/01/11703282db468b85f6f7b8c7f22d058de5970d5c7e60a3a8aaa313c3de36/numpy-2.5.3.tar.gz", hash = "sha256:df2d5874ff183595a4ba404edd04f6bd9b5505c1d7708573f6a6c17489a67563", size = 20791231, upload-time = "2026-09-06T16:27:47.073Z" }
wheels = [
    { url = "https://files.pythonhosted.org/packages/79/e5/8fb89cd46d14e35699d13bf943a5f5f441ecee8667120a1f6105ab89e349/numpy-2.5.3-cp313-cp313-macosx_10_13_x86_64.whl", hash = "sha256:66a78fe4556c60aceda5916f9eacd638b18e9e681016ec302dcb4682d6d4d034", size = 16991061, upload-time = "2026-09-06T16:25:00.411Z" },
    { url = "https://files.pythonhosted.org/packages/2f/06/9dc9e48b5e5e941c8b10350c5ff2d721da42a20517d911d15544246775ff/numpy-2.5.3-cp313-cp313-macosx_11_0_arm64.whl", hash = "sha256:92f30e89b8ee0ecf363033576c422b2f58fed6a80bed0aa48dff6d14c654663e", size = 12003676, upload-time = "2026-09-06T16:25:03.475Z" },
    { url = "https://files.pythonhosted.org/packages/ab/2a/98282aa5b8f58b1157d440bb6282eed47e3632a5de53a714fbab17e659fe/numpy-2.5.3-cp313-cp313-macosx_14_0_arm64.whl", hash = "sha256:f9a2353b37a1a9e78fd82b27ad7e2a32a2d036604d18f02b05e3136c62ca3b09", size = 5439695, upload-time = "2026-09-06T16:25:05.978Z" },
    { url = "https://files.pythonhosted.org/packages/a1/f9/b6533d777be9d6ffd29dc1be0867e563e6e8cc9a220ff1b716adc317f060/numpy-2.5.3-cp313-cp313-macosx_14_0_x86_64.whl", hash = "sha256:ccbc4665079665c3cf3bab4db9f6b095370cd6437d66be549b6c2a1fd19e1958", size = 6779395, upload-time = "2026-09-06T16:25:08.599Z" },
    { url = "https://files.pythonhosted.org/packages/73/85/735720d04ec197c5dcfacdfc9922667c7f1f5f496a279b7ba4d7c74c4cc7/numpy-2.5.3-cp313-cp313-manylinux_2_27_aarch64.manylinux_2_28_aarch64.whl", hash = "sha256:c76d5dde9f445058f83d0c02af00557a4db91de9a9a57c0df87d1535001d654b", size = 15681750, upload-time = "2026-09-06T16:25:11.173Z" },
    { url = "https://files.pythonhosted.org/packages/3a/1b/3b16a9bc514a440a7a0883684111dcb1ef1aee960af2ca95da8fc775f124/numpy-2.5.3-cp313-cp313-manylinux_2_27_x86_64.manylinux_2_28_x86_64.whl", hash = "sha256:a5fa86b80fd24bcd1aff83ad23be44ea323de3f787be8f8b15d4a65621e25321", size = 16708577, upload-time = "2026-09-06T16:25:14.171Z" },
    { url = "https://files.pythonhosted.org/packages/69/c4/386f397831b07328b639c96c5b62719346cf4baf07c68d927239752b1534/numpy-2.5.3-cp313-cp313-musllinux_1_2_aarch64.whl", hash = "sha256:bd4cb9ad3c7889b9b3fe0a9a9fb5d2ed26f9879bff2608d9f01aed147a20d231", size = 17042047, upload-time = "2026-09-06T16:25:17.582Z" },
    { url = "https://files.pythonhosted.org/packages/5f/3e/a700ecbf36e85ae8328fd3b0e12eeddc22ed6358a64cb2bd913e0d195d65/numpy-2.5.3-cp313-cp313-musllinux_1_2_x86_64.whl", hash = "sha256:1302b90c0e52281681b2975adfe8a860cb7b12216a27b4b0b4207c44bf7bccf0", size = 18465724, upload-time = "2026-09-06T16:25:20.949Z" },
    { url = "https://files.pythonhosted.org/packages/41/ee/38e785e88a4045f6ad1d1f2808dcdfafdca48c760260c0587bf171e29fc9/numpy-2.5.3-cp313-cp313-win32.whl", hash = "sha256:1c80eabb4035ecf4ca9cd49cde8a9fdd69a729e63e6474887d1523ade7aa277f", size = 6129003, upload-time = "2026-09-06T16:25:23.664Z" },
    { url = "https://files.pythonhosted.org/packages/f3/ec/100f2b1794ede74a9b3d7ec6b9736927f56713414c1dfe19ab6c383494bf/numpy-2.5.3-cp313-cp313-win_amd64.whl", hash = "sha256:71cad2b2a7451ab79d8f5e71b453485b6775963d5cf794179144a7463fe6e8ec", size = 12560965, upload-time = "2026-09-06T16:25:26.602Z" },
    { url = "https://files.pythonhosted.org/packages/80/b1/7dc825ca94c12acebbce4c37caa5e198695eb31424bc579679f32b1bb49d/numpy-2.5.3-cp313-cp313-win_arm64.whl", hash = "sha256:8e4dd766076855b5ff7ea52fa5f07ce26286726e0f8bff446b7739d02e6ea204", size = 10482343, upload-time = "2026-09-06T16:25:29.772Z" },
]

[[package]]
name = "packaging"
version = "26.3"
source = { registry = "https://pypi.org/simple" }
sdist = { url = "https://files.pythonhosted.org/packages/7d/fa/3944b40b07da9ce895c0e6303a5ab7d53da063554f534556b134a54d6093/packaging-26.3.tar.gz", hash = "sha256:94edc256424af38762eb31306eed28beb9f0efc50a8837492c9d6fd6004aed79", size = 313412, upload-time = "2026-08-04T18:15:28.737Z" }
wheels = [
    { url = "https://files.pythonhosted.org/packages/63/34/ba1c580383c9eada3711951fef0795c80b829a078d72188184bcab9dd527/packaging-26.3-py3-none-any.whl", hash = "sha256:d7193f7c8e4e93f444fde0262bf90af30e16fa0ad0ad44cb553c87339b23cd1c", size = 129956, upload-time = "2026-08-04T18:15:27.159Z" },
]

[[package]]
name = "pillow"
version = "12.3.0"
source = { registry = "https://pypi.org/simple" }
sdist = { url = "https://files.pythonhosted.org/packages/1c/3d/bb7fca845737cf9d7dbde16ed1843984665ff2e0a518f5db43e77ec540b9/pillow-12.3.0.tar.gz", hash = "sha256:3b8182a766685eaa002637e28b4ec8d6b18819a0c71f579bf0dbaa5830297cce", size = 47025035, upload-time = "2026-07-01T11:56:38.965Z" }
wheels = [
    { url = "https://files.pythonhosted.org/packages/9d/ac/31fb64e1e7efb5a4b50cd3d92049ba89ac6e4d8d3bb6a74e15048ca3353e/pillow-12.3.0-cp313-cp313-ios_13_0_arm64_iphoneos.whl", hash = "sha256:21900ce7ba264168cd50defae43cd75d25c833ad4ad6e73ffc5596d12e25ac89", size = 4161684, upload-time = "2026-07-01T11:54:25.934Z" },
    { url = "https://files.pythonhosted.org/packages/87/b4/9805e23d2b4d77842b468513841fda254ee42f0289d25088340e4ff46e2d/pillow-12.3.0-cp313-cp313-ios_13_0_arm64_iphonesimulator.whl", hash = "sha256:4e8c2a84d977f50b9daed6eeaf3baef67d00d5d74d932288f02cb94518ee3ace", size = 4255487, upload-time = "2026-07-01T11:54:27.935Z" },
    { url = "https://files.pythonhosted.org/packages/df/39/ecf519435a200c693fe053a6ee4d835b41cf963a4dfc2551c4e637cb2a71/pillow-12.3.0-cp313-cp313-ios_13_0_x86_64_iphonesimulator.whl", hash = "sha256:ae26d61dfa7a47befdc7572b521024e8745f3d809bd95ca9505a7bba9ef849ec", size = 3696433, upload-time = "2026-07-01T11:54:29.813Z" },
    { url = "https://files.pythonhosted.org/packages/42/92/2fc3ffad878ae8dd5469ec1bc8eb83b71f48e13efdf68f02709003982a32/pillow-12.3.0-cp313-cp313-macosx_10_13_x86_64.whl", hash = "sha256:7a743ff716f746fc19a9557f60dab1600d4613255f8a7aeb3cdde4db7eb15a66", size = 5345889, upload-time = "2026-07-01T11:54:31.97Z" },
    { url = "https://files.pythonhosted.org/packages/10/76/8803c13605b763d33d156c4678fc77f8443389c0c51c8aef707bb02015f4/pillow-12.3.0-cp313-cp313-macosx_11_0_arm64.whl", hash = "sha256:d69141514cc30b774ceea5e3ed3a6635c8d8a96edf664689b890f4089111fb35", size = 4780109, upload-time = "2026-07-01T11:54:34.026Z" },
    { url = "https://files.pythonhosted.org/packages/1f/01/e18aff37cb0b4aac47ac90f016d347a49aca667ef97f190b06ac2aabc928/pillow-12.3.0-cp313-cp313-manylinux_2_27_aarch64.manylinux_2_28_aarch64.whl", hash = "sha256:f7401aebd7f581d7f83a439d87d474999317ee099218e5ad25d125290990ba65", size = 6263736, upload-time = "2026-07-01T11:54:36.131Z" },
    { url = "https://files.pythonhosted.org/packages/f7/62/de5bdd77d935331f4f802edc11e4d82950f642caad6cb2f949837b8560e2/pillow-12.3.0-cp313-cp313-manylinux_2_27_x86_64.manylinux_2_28_x86_64.whl", hash = "sha256:0847a763afefb695bc912d7c131e7e0632d4edc1d8698f58ddabec8e46b8b6d3", size = 6937129, upload-time = "2026-07-01T11:54:38.216Z" },
    { url = "https://files.pythonhosted.org/packages/70/4d/105627a13300c5e0df1d174230b32fd1273062c96f7745fd552b945d1e1d/pillow-12.3.0-cp313-cp313-musllinux_1_2_aarch64.whl", hash = "sha256:571b9fcb07b97ef3a492028fb3d2dc0993ca23a06138b0315286566d29ef718a", size = 6339562, upload-time = "2026-07-01T11:54:40.354Z" },
    { url = "https://files.pythonhosted.org/packages/6b/1d/f13de01a553988ab895ba1c722e06cf3144d4f57656fd5b81b6d881f1179/pillow-12.3.0-cp313-cp313-musllinux_1_2_x86_64.whl", hash = "sha256:756c768d0c9c2955feb7a56c37ea24aea2e369f8d36a88da270b6a9f19e62b5e", size = 7049439, upload-time = "2026-07-01T11:54:42.489Z" },
    { url = "https://files.pythonhosted.org/packages/c9/f9/066794cca041b969964f779ee5fa66a9498bbf34248ac39c5d7954e4198f/pillow-12.3.0-cp313-cp313-win32.whl", hash = "sha256:a876864214e136f0eb367788dbd7df045f4806801518e2cfe9e13229cfe06d8f", size = 6473287, upload-time = "2026-07-01T11:54:44.9Z" },
    { url = "https://files.pythonhosted.org/packages/a6/9b/7a58e61d62be561da3a356fe2384d4059a6345fc130e23ef1c36a5b81d24/pillow-12.3.0-cp313-cp313-win_amd64.whl", hash = "sha256:1cca606cd25738df4ed873d5ad46bbdb3d83b5cbca291f6b4ff13a4df6b0bbe8", size = 7239691, upload-time = "2026-07-01T11:54:47.141Z" },
    { url = "https://files.pythonhosted.org/packages/aa/b0/c4ed4f0ef8f8fa5ee8351537db6650bb8189f7e118842978dd6589065692/pillow-12.3.0-cp313-cp313-win_arm64.whl", hash = "sha256:b629de27fda84b42cde7edef0d85f13b958b47f6e9bbcbba9b673c562a89bd8b", size = 2568185, upload-time = "2026-07-01T11:54:49.137Z" },
]

[[package]]
name = "pygltflib"
version = "1.16.5"
source = { registry = "https://pypi.org/simple" }
dependencies = [
    { name = "dataclasses-json" },
    { name = "deprecated" },
]
sdist = { url = "https://files.pythonhosted.org/packages/22/e8/f8232abdf9c085333689b0a428dcd1d0f83edd1ecafa6ed878a633d8c9d5/pygltflib-1.16.5.tar.gz", hash = "sha256:1f15740d5a7aaf71a5083e285af6b361184958e255659132f4ba8fe4f3d21ea9", size = 43272, upload-time = "2025-07-24T06:35:38.611Z" }
wheels = [
    { url = "https://files.pythonhosted.org/packages/91/d6/7eb8a0e4eb30add2b76c957a41107a5f2ba26472d656e2733728bec0476b/pygltflib-1.16.5-py3-none-any.whl", hash = "sha256:41d3349c59dcf1586faeaee29c967be07ac2bf7cecdb8ae2b527da1f25afdaac", size = 27557, upload-time = "2025-07-24T06:35:37.328Z" },
]

[[package]]
name = "pymeshlab"
version = "2025.7.post1"
source = { registry = "https://pypi.org/simple" }
dependencies = [
    { name = "numpy" },
]
wheels = [
    { url = "https://files.pythonhosted.org/packages/a7/06/ef68bf08d23f44118ab846b93dd30eaf87ad85cc44b4f3e5ac8764e9bc9f/pymeshlab-2025.7.post1-cp313-cp313-macosx_11_0_arm64.whl", hash = "sha256:841b1fa15fc76ab73e594f4bbfcbe339782b36be67d9387ff5aa5f4ca422e180", size = 64995970, upload-time = "2026-01-30T08:41:11.153Z" },
    { url = "https://files.pythonhosted.org/packages/27/52/a11aa52eb3b250f78a891b9e4ffcdf4af4da13a462d079cc6cf3d17d34ac/pymeshlab-2025.7.post1-cp313-cp313-macosx_11_0_x86_64.whl", hash = "sha256:06c7171f70ff86753535d1c0d952ead34854923061af37197e9cc22dea515e9d", size = 54507011, upload-time = "2026-01-30T08:41:14.507Z" },
    { url = "https://files.pythonhosted.org/packages/0a/4e/31b08dddba8c77676c9cf7ed90810b7dfcbd99cba845bb9b20b7bbaa4d7c/pymeshlab-2025.7.post1-cp313-cp313-manylinux_2_35_aarch64.whl", hash = "sha256:2432dffe99e58e1b5e77dbfeb7690502b6d0ebccb1ed75356fca4676ec56c9a2", size = 65242911, upload-time = "2026-01-30T08:41:17.622Z" },
    { url = "https://files.pythonhosted.org/packages/7f/af/3f7597d43813e8918bc2798aeed9b3be123a62e8a5be7de032cce03db8ed/pymeshlab-2025.7.post1-cp313-cp313-manylinux_2_35_x86_64.whl", hash = "sha256:99bb0f83ad20c61bdc63beb8d7f0c9ed3af6912a4770da170ce8d4bd02a7ecb0", size = 106407568, upload-time = "2026-01-30T08:41:25.759Z" },
    { url = "https://files.pythonhosted.org/packages/a2/69/1732c3222ce63758c32746841099ac82059907cc3ff6bd77499da78abcbc/pymeshlab-2025.7.post1-cp313-cp313-win_amd64.whl", hash = "sha256:25eb2578dd6c4d1b2e0253fb3b4f8f7895e8bb4f3f1236832db0ab58e6a44998", size = 55211755, upload-time = "2026-01-30T08:41:29.593Z" },
]

[[package]]
name = "scikit-image"
version = "0.26.0"
source = { registry = "https://pypi.org/simple" }
dependencies = [
    { name = "imageio" },
    { name = "lazy-loader" },
    { name = "networkx" },
    { name = "numpy" },
    { name = "packaging" },
    { name = "pillow" },
    { name = "scipy" },
    { name = "tifffile" },
]
sdist = { url = "https://files.pythonhosted.org/packages/a1/b4/2528bb43c67d48053a7a649a9666432dc307d66ba02e3a6d5c40f46655df/scikit_image-0.26.0.tar.gz", hash = "sha256:f5f970ab04efad85c24714321fcc91613fcb64ef2a892a13167df2f3e59199fa", size = 22729739, upload-time = "2025-12-20T17:12:21.824Z" }
wheels = [
    { url = "https://files.pythonhosted.org/packages/4f/48/02357ffb2cca35640f33f2cfe054a4d6d5d7a229b88880a64f1e45c11f4e/scikit_image-0.26.0-cp313-cp313-macosx_10_13_x86_64.whl", hash = "sha256:a2e852eccf41d2d322b8e60144e124802873a92b8d43a6f96331aa42888491c7", size = 12346329, upload-time = "2025-12-20T17:11:11.599Z" },
    { url = "https://files.pythonhosted.org/packages/67/b9/b792c577cea2c1e94cda83b135a656924fc57c428e8a6d302cd69aac1b60/scikit_image-0.26.0-cp313-cp313-macosx_11_0_arm64.whl", hash = "sha256:98329aab3bc87db352b9887f64ce8cdb8e75f7c2daa19927f2e121b797b678d5", size = 12031726, upload-time = "2025-12-20T17:11:13.871Z" },
    { url = "https://files.pythonhosted.org/packages/07/a9/9564250dfd65cb20404a611016db52afc6268b2b371cd19c7538ea47580f/scikit_image-0.26.0-cp313-cp313-manylinux_2_24_aarch64.manylinux_2_28_aarch64.whl", hash = "sha256:915bb3ba66455cf8adac00dc8fdf18a4cd29656aec7ddd38cb4dda90289a6f21", size = 13094910, upload-time = "2025-12-20T17:11:16.2Z" },
    { url = "https://files.pythonhosted.org/packages/a3/b8/0d8eeb5a9fd7d34ba84f8a55753a0a3e2b5b51b2a5a0ade648a8db4a62f7/scikit_image-0.26.0-cp313-cp313-manylinux_2_24_x86_64.manylinux_2_28_x86_64.whl", hash = "sha256:b36ab5e778bf50af5ff386c3ac508027dc3aaeccf2161bdf96bde6848f44d21b", size = 13660939, upload-time = "2025-12-20T17:11:18.464Z" },
    { url = "https://files.pythonhosted.org/packages/2f/d6/91d8973584d4793d4c1a847d388e34ef1218d835eeddecfc9108d735b467/scikit_image-0.26.0-cp313-cp313-musllinux_1_2_aarch64.whl", hash = "sha256:09bad6a5d5949c7896c8347424c4cca899f1d11668030e5548813ab9c2865dcb", size = 14138938, upload-time = "2025-12-20T17:11:20.919Z" },
    { url = "https://files.pythonhosted.org/packages/39/9a/7e15d8dc10d6bbf212195fb39bdeb7f226c46dd53f9c63c312e111e2e175/scikit_image-0.26.0-cp313-cp313-musllinux_1_2_x86_64.whl", hash = "sha256:aeb14db1ed09ad4bee4ceb9e635547a8d5f3549be67fc6c768c7f923e027e6cd", size = 14752243, upload-time = "2025-12-20T17:11:23.347Z" },
    { url = "https://files.pythonhosted.org/packages/8f/58/2b11b933097bc427e42b4a8b15f7de8f24f2bac1fd2779d2aea1431b2c31/scikit_image-0.26.0-cp313-cp313-win_amd64.whl", hash = "sha256:ac529eb9dbd5954f9aaa2e3fe9a3fd9661bfe24e134c688587d811a0233127f1", size = 11906770, upload-time = "2025-12-20T17:11:25.297Z" },
    { url = "https://files.pythonhosted.org/packages/ad/ec/96941474a18a04b69b6f6562a5bd79bd68049fa3728d3b350976eccb8b93/scikit_image-0.26.0-cp313-cp313-win_arm64.whl", hash = "sha256:a2d211bc355f59725efdcae699b93b30348a19416cc9e017f7b2fb599faf7219", size = 11342506, upload-time = "2025-12-20T17:11:27.399Z" },
    { url = "https://files.pythonhosted.org/packages/03/e5/c1a9962b0cf1952f42d32b4a2e48eed520320dbc4d2ff0b981c6fa508b6b/scikit_image-0.26.0-cp313-cp313t-macosx_10_13_x86_64.whl", hash = "sha256:9eefb4adad066da408a7601c4c24b07af3b472d90e08c3e7483d4e9e829d8c49", size = 12663278, upload-time = "2025-12-20T17:11:29.358Z" },
    { url = "https://files.pythonhosted.org/packages/ae/97/c1a276a59ce8e4e24482d65c1a3940d69c6b3873279193b7ebd04e5ee56b/scikit_image-0.26.0-cp313-cp313t-macosx_11_0_arm64.whl", hash = "sha256:6caec76e16c970c528d15d1c757363334d5cb3069f9cea93d2bead31820511f3", size = 12405142, upload-time = "2025-12-20T17:11:31.282Z" },
    { url = "https://files.pythonhosted.org/packages/d4/4a/f1cbd1357caef6c7993f7efd514d6e53d8fd6f7fe01c4714d51614c53289/scikit_image-0.26.0-cp313-cp313t-manylinux_2_24_aarch64.manylinux_2_28_aarch64.whl", hash = "sha256:a07200fe09b9d99fcdab959859fe0f7db8df6333d6204344425d476850ce3604", size = 12942086, upload-time = "2025-12-20T17:11:33.683Z" },
    { url = "https://files.pythonhosted.org/packages/5b/6f/74d9fb87c5655bd64cf00b0c44dc3d6206d9002e5f6ba1c9aeb13236f6bf/scikit_image-0.26.0-cp313-cp313t-manylinux_2_24_x86_64.manylinux_2_28_x86_64.whl", hash = "sha256:92242351bccf391fc5df2d1529d15470019496d2498d615beb68da85fe7fdf37", size = 13265667, upload-time = "2025-12-20T17:11:36.11Z" },
    { url = "https://files.pythonhosted.org/packages/a7/73/faddc2413ae98d863f6fa2e3e14da4467dd38e788e1c23346cf1a2b06b97/scikit_image-0.26.0-cp313-cp313t-musllinux_1_2_aarch64.whl", hash = "sha256:52c496f75a7e45844d951557f13c08c81487c6a1da2e3c9c8a39fcde958e02cc", size = 14001966, upload-time = "2025-12-20T17:11:38.55Z" },
    { url = "https://files.pythonhosted.org/packages/02/94/9f46966fa042b5d57c8cd641045372b4e0df0047dd400e77ea9952674110/scikit_image-0.26.0-cp313-cp313t-musllinux_1_2_x86_64.whl", hash = "sha256:20ef4a155e2e78b8ab973998e04d8a361d49d719e65412405f4dadd9155a61d9", size = 14359526, upload-time = "2025-12-20T17:11:41.087Z" },
    { url = "https://files.pythonhosted.org/packages/5d/b4/2840fe38f10057f40b1c9f8fb98a187a370936bf144a4ac23452c5ef1baf/scikit_image-0.26.0-cp313-cp313t-win_amd64.whl", hash = "sha256:c9087cf7d0e7f33ab5c46d2068d86d785e70b05400a891f73a13400f1e1faf6a", size = 12287629, upload-time = "2025-12-20T17:11:43.11Z" },
    { url = "https://files.pythonhosted.org/packages/22/ba/73b6ca70796e71f83ab222690e35a79612f0117e5aaf167151b7d46f5f2c/scikit_image-0.26.0-cp313-cp313t-win_arm64.whl", hash = "sha256:27d58bc8b2acd351f972c6508c1b557cfed80299826080a4d803dd29c51b707e", size = 11647755, upload-time = "2025-12-20T17:11:45.279Z" },
]

[[package]]
name = "scipy"
version = "1.18.1"
source = { registry = "https://pypi.org/simple" }
dependencies = [
    { name = "numpy" },
]
sdist = { url = "https://files.pythonhosted.org/packages/7e/74/66de6258867beb2ef08f35f9f2ac017a52cacd5081714d239ff1a442d458/scipy-1.18.1.tar.gz", hash = "sha256:52c4b7422442aba924d03ad4019852b08a92e64ea187b933135687bfe2747307", size = 30781235, upload-time = "2026-08-21T23:28:50.599Z" }
wheels = [
    { url = "https://files.pythonhosted.org/packages/b6/55/4540ee0f9c42a9ad7109d0d1a8cc70de54c3572b01c6693a2b1c70e90ceb/scipy-1.18.1-cp313-cp313-macosx_10_15_x86_64.whl", hash = "sha256:3ab3523da44749156e1f68b464dc56af11ae4cbc5c739a49d05f32b982eca9f3", size = 31089958, upload-time = "2026-08-21T23:24:35.8Z" },
    { url = "https://files.pythonhosted.org/packages/2a/f5/769f36d14922b8071a43e95d24d18b6bdafad10d7f5cf647867e1ac052bc/scipy-1.18.1-cp313-cp313-macosx_12_0_arm64.whl", hash = "sha256:e6fb6a55cc0ba97b59a1f288fb86dc6fce8bdfc0fffcbfd015e3a954bf2a2d93", size = 28715106, upload-time = "2026-08-21T23:24:40.775Z" },
    { url = "https://files.pythonhosted.org/packages/9a/d7/21d890274f75ea37a8209d5519e72da3da90302e3b9fb8397a0918386a62/scipy-1.18.1-cp313-cp313-macosx_14_0_arm64.whl", hash = "sha256:ea324d9dd34c38bfb9bec8ca4d1b407db97dbb74029f566b8e322b1b6fe56fe6", size = 20456846, upload-time = "2026-08-21T23:24:45.066Z" },
    { url = "https://files.pythonhosted.org/packages/ec/01/798430ecea2e78ec7c02663d5f71c007bb6abeca931080debd40d7fa55ea/scipy-1.18.1-cp313-cp313-macosx_14_0_x86_64.whl", hash = "sha256:75b00eb8fb802090aa903f4ea1c7f5a584779f967361e68b7e98e531cc2d7174", size = 23087986, upload-time = "2026-08-21T23:24:49.539Z" },
    { url = "https://files.pythonhosted.org/packages/e6/5f/4634e9d35c68496e4e34cb6946eafab044458e6cedab42b40b6588e475b6/scipy-1.18.1-cp313-cp313-manylinux_2_27_aarch64.manylinux_2_28_aarch64.whl", hash = "sha256:d416b16cccfd70fbf62400e84d0bb2f4e6af519a45557f1692c749b37f14b315", size = 33998146, upload-time = "2026-08-21T23:24:54.714Z" },
    { url = "https://files.pythonhosted.org/packages/41/48/6450ed9243315322bbc19ac57b9b70d66a20bf1d38d124c96bc4bf6af9ea/scipy-1.18.1-cp313-cp313-manylinux_2_27_x86_64.manylinux_2_28_x86_64.whl", hash = "sha256:fdaf5ea890a6183d0565f51a61799d67081bd5b1cf03c5f4b3fd3732108625c9", size = 35312578, upload-time = "2026-08-21T23:25:00.44Z" },
    { url = "https://files.pythonhosted.org/packages/00/bd/bf5a4be6a3525676499f6dff307991739ff6fdcad1481b1aeb6745339f58/scipy-1.18.1-cp313-cp313-musllinux_1_2_aarch64.whl", hash = "sha256:c825cef2f49e46753726a7181a8e199804a912b29519ada542c6ebc654951899", size = 35612621, upload-time = "2026-08-21T23:25:06.144Z" },
    { url = "https://files.pythonhosted.org/packages/bd/4e/3c45c33e00a77996c4b1cb707929f833ba7b1d522ee29f882512c330676d/scipy-1.18.1-cp313-cp313-musllinux_1_2_x86_64.whl", hash = "sha256:e3b417bf8c2c7c16e8f58ad91db17783ec911ac16e7b50eb6eab6e809b4f5b07", size = 37457323, upload-time = "2026-08-21T23:25:12.483Z" },
    { url = "https://files.pythonhosted.org/packages/93/0e/e0348fbc0dbab65c114cf78957e7dfeb49f8e8b556b4d930cc12ff195e18/scipy-1.18.1-cp313-cp313-win_amd64.whl", hash = "sha256:559ed65f60c1af5a03f3912605a1b5114f522c7c32fb23c3376ae8f03219fe28", size = 36622841, upload-time = "2026-08-21T23:25:18.722Z" },
    { url = "https://files.pythonhosted.org/packages/50/a8/6a77f5f267c555108f0a864b6db714363dab567a8266422a79a385f9232b/scipy-1.18.1-cp313-cp313-win_arm64.whl", hash = "sha256:cd479fc04dd9401e3b4f49e76518768ef99c4f517a98c284eb091fd725719adf", size = 24399315, upload-time = "2026-08-21T23:25:23.458Z" },
]

[[package]]
name = "tifffile"
version = "2026.9.20"
source = { registry = "https://pypi.org/simple" }
dependencies = [
    { name = "numpy" },
]
sdist = { url = "https://files.pythonhosted.org/packages/92/66/634db78ebad513038d753830dd8815eea26278b5463ba0f43198b0c24c4e/tifffile-2026.9.20.tar.gz", hash = "sha256:30e145a7042ce7143ae50a50fe8b7221b0070aae22adab8f9e79a264be6b5cdc", size = 449417, upload-time = "2026-09-21T03:59:40.055Z" }
wheels = [
    { url = "https://files.pythonhosted.org/packages/05/bf/04f3e61cb20a03678ca43f29bae9a7d0b7d9f563b86f5f600b2d8fba9712/tifffile-2026.9.20-py3-none-any.whl", hash = "sha256:9b913167b8f66a57f2e7c0454486c4c4607196d494797461226166bd0755c0e6", size = 275004, upload-time = "2026-09-21T03:59:38.46Z" },
]

[[package]]
name = "trimesh"
version = "5.1.0"
source = { registry = "https://pypi.org/simple" }
dependencies = [
    { name = "numpy" },
]
sdist = { url = "https://files.pythonhosted.org/packages/21/3f/a13d797349fdd00a8586b60d6b71df849e1766e2002729697a265b27a773/trimesh-5.1.0.tar.gz", hash = "sha256:927aa8748af8b84cb969c8f53270d929e546f2beada77a2bc234b605fddf1454", size = 870501, upload-time = "2026-08-31T18:28:55.464Z" }
wheels = [
    { url = "https://files.pythonhosted.org/packages/f5/c8/5ede3b786ef58e0076e9ca748b2c1787183f85e5ad8133373715c31248f9/trimesh-5.1.0-py3-none-any.whl", hash = "sha256:0fa85d1d131e321b683c00747c20090200b92071298b905ea588f609eb204c89", size = 750004, upload-time = "2026-08-31T18:28:53.746Z" },
]

[[package]]
name = "typing-extensions"
version = "4.16.0"
source = { registry = "https://pypi.org/simple" }
sdist = { url = "https://files.pythonhosted.org/packages/f6/cc/6253133b5bb138fc3306cebfbda2c520f545d36b5be2c7255cc528bb45d6/typing_extensions-4.16.0.tar.gz", hash = "sha256:dc983d19a509c94dba722ee6abd33940f7c05a89e243c47e907eb4db6f1a43e5", size = 113555, upload-time = "2026-07-02T08:40:05.92Z" }
wheels = [
    { url = "https://files.pythonhosted.org/packages/49/d3/b8441a820a491ddfc024b0b0cf0393375b75ea13866d9c66727e54c2fc80/typing_extensions-4.16.0-py3-none-any.whl", hash = "sha256:481caa481374e813c1b176ada14e97f1f67a4539ce9cfeb3f350d78d6370c2e8", size = 45571, upload-time = "2026-07-02T08:40:04.659Z" },
]

[[package]]
name = "typing-inspect"
version = "0.9.0"
source = { registry = "https://pypi.org/simple" }
dependencies = [
    { name = "mypy-extensions" },
    { name = "typing-extensions" },
]
sdist = { url = "https://files.pythonhosted.org/packages/dc/74/1789779d91f1961fa9438e9a8710cdae6bd138c80d7303996933d117264a/typing_inspect-0.9.0.tar.gz", hash = "sha256:b23fc42ff6f6ef6954e4852c1fb512cdd18dbea03134f91f856a95ccc9461f78", size = 13825, upload-time = "2023-05-24T20:25:47.612Z" }
wheels = [
    { url = "https://files.pythonhosted.org/packages/65/f3/107a22063bf27bdccf2024833d3445f4eea42b2e598abfbd46f6a63b6cb0/typing_inspect-0.9.0-py3-none-any.whl", hash = "sha256:9ee6fc59062311ef8547596ab6b955e1b8aa46242d854bfc78f4f6b0eff35f9f", size = 8827, upload-time = "2023-05-24T20:25:45.287Z" },
]

[[package]]
name = "wrapt"
version = "2.5.0"
source = { registry = "https://pypi.org/simple" }
sdist = { url = "https://files.pythonhosted.org/packages/3e/d2/a254a26d8ceaea87e0eee2e89fcfe53ddc1858418647493bb2937549ab6f/wrapt-2.5.0.tar.gz", hash = "sha256:c48cdb6c904dca76d9915a579e4a5fab6b0c25f650c1019ce78a78effaf7a345", size = 183288, upload-time = "2026-09-27T01:41:56.874Z" }
wheels = [
    { url = "https://files.pythonhosted.org/packages/d6/4b/cc7bb5668f7ddc0e73e236e96a0c06cab8fddfca9c53538c9dffac62db6f/wrapt-2.5.0-cp313-cp313-macosx_10_13_x86_64.whl", hash = "sha256:b312b3cc87951faaed3cfef984d768ee8bee7f935d9cc929aaa9946b0b96a98c", size = 105808, upload-time = "2026-09-27T01:40:15.826Z" },
    { url = "https://files.pythonhosted.org/packages/4a/13/5d15ef0e2f42d5f084930dc4863e6e52c160c28301c8780aae170c58421c/wrapt-2.5.0-cp313-cp313-macosx_11_0_arm64.whl", hash = "sha256:c57ddae24cf72eb6bd18112638a987cafe6109d90f2df111e6934362cc03ac1a", size = 105931, upload-time = "2026-09-27T01:40:17.136Z" },
    { url = "https://files.pythonhosted.org/packages/1e/02/c7174e78b0c38bb279b2d3c25a6bd7fb9d3b0200c3e5a8fad084e7cc3e85/wrapt-2.5.0-cp313-cp313-manylinux1_x86_64.manylinux_2_28_x86_64.manylinux_2_5_x86_64.whl", hash = "sha256:b95a6eca3b927853529eea958310563c83140ae8451dd5dc4399c7da385dc4f3", size = 248259, upload-time = "2026-09-27T01:40:18.446Z" },
    { url = "https://files.pythonhosted.org/packages/a4/f9/47ae1d7ef325c3f6c81ae3c1fb4a3fef9d98c8025ed676c0bfc1550903ce/wrapt-2.5.0-cp313-cp313-manylinux2014_aarch64.manylinux_2_17_aarch64.manylinux_2_28_aarch64.whl", hash = "sha256:6058e12e9caa33468f9a36fb88c15a4bb30a479f997b37834b83abdbf062f264", size = 248224, upload-time = "2026-09-27T01:40:19.713Z" },
    { url = "https://files.pythonhosted.org/packages/38/7b/a394448bcbbaf8e5a3f856520edbbb1b92fc42061def56284c9083f3ac87/wrapt-2.5.0-cp313-cp313-manylinux_2_31_riscv64.manylinux_2_39_riscv64.whl", hash = "sha256:0d245ac03f5ae77f1eea6eb19edd9e778c2f772490c20496c2f1cd3a102ee1b6", size = 227137, upload-time = "2026-09-27T01:40:21.359Z" },
    { url = "https://files.pythonhosted.org/packages/41/45/fc252bda5aa1ca01bc838d3b108778e786a2a13d0c52fd17c5f6179aa246/wrapt-2.5.0-cp313-cp313-musllinux_1_2_aarch64.whl", hash = "sha256:f4ef4935962f7029b2058a99f1a47ccbffc3be919dddb3becb6c2c48eac3d9f0", size = 244710, upload-time = "2026-09-27T01:40:22.693Z" },
    { url = "https://files.pythonhosted.org/packages/0b/1c/527d1bde7371dcc2c378d88c97de03b121b486fb4cd3dbb399bc332c0676/wrapt-2.5.0-cp313-cp313-musllinux_1_2_riscv64.whl", hash = "sha256:f12e80c3089ebc03727d368f8205b811b5af2cd4a72b5e4cac75e901dd316e39", size = 225053, upload-time = "2026-09-27T01:40:24.345Z" },
    { url = "https://files.pythonhosted.org/packages/81/8e/2b823fded8c3b815408c58633929812eacd29d824fe57548b7868c4ee422/wrapt-2.5.0-cp313-cp313-musllinux_1_2_x86_64.whl", hash = "sha256:a346408f19b6d589bf029f25f65c0b4cdeed6302ef8f40da4e5d1552d22dc037", size = 236884, upload-time = "2026-09-27T01:40:25.654Z" },
    { url = "https://files.pythonhosted.org/packages/00/d7/5d185c1193b073a0bf4cbe862b5d31f81067eddc39eff30ae632f346563d/wrapt-2.5.0-cp313-cp313-win32.whl", hash = "sha256:79e68f0fd7d381b9bbd71776f602a2d5440d4d2077459128e02fd6607465422c", size = 100198, upload-time = "2026-09-27T01:40:27.111Z" },
    { url = "https://files.pythonhosted.org/packages/ce/9a/51d95640e01d0ebdd04a7223755f076e4936b0c124ce99bb01a12b53e66c/wrapt-2.5.0-cp313-cp313-win_amd64.whl", hash = "sha256:77f0a74ff6f6cf89f5b673a732d5afe1911a6e6b1c017260836fdfdf85518dc1", size = 105610, upload-time = "2026-09-27T01:40:28.465Z" },
    { url = "https://files.pythonhosted.org/packages/67/52/183d5ce7c2a9391774e6a623be6ae564351545713ec9a3693528f89c8e85/wrapt-2.5.0-cp313-cp313-win_arm64.whl", hash = "sha256:b620d7559b6b2197c5730332fab0867ecf1c8cb74d45533ebbcbcad1eacf4616", size = 102641, upload-time = "2026-09-27T01:40:30Z" },
    { url = "https://files.pythonhosted.org/packages/87/7d/5ed859fad4b5eddd598a846150aaab2703730ed4886c5c5e03b0df0cfdd5/wrapt-2.5.0-py3-none-any.whl", hash = "sha256:107eea1a511e98a3a5033b0c2cb403fbb37f05dee6ac1fb85c0460d311ec278c", size = 81586, upload-time = "2026-09-27T01:41:55.479Z" },
]

[[package]]
name = "xatlas"
version = "0.0.11"
source = { registry = "https://pypi.org/simple" }
sdist = { url = "https://files.pythonhosted.org/packages/7c/fe/32adb4dbdf5485c185de9b62b83d434f12ca5be8a000d9882c871808987b/xatlas-0.0.11.tar.gz", hash = "sha256:72f0bc6c42c19252be87e947d9dfe251c8d6c6943fd43e3d173ddc6b1afad693", size = 7718208, upload-time = "2025-07-04T16:46:43.315Z" }
wheels = [
    { url = "https://files.pythonhosted.org/packages/f6/e7/1dd383c0d28e396f16eee548e2b3f9f4cec8d3ab3db004c8bbcf57a44939/xatlas-0.0.11-cp313-cp313-macosx_10_14_x86_64.whl", hash = "sha256:7d41023193a433ea783df563ccde2bb8bb039dca0896469a3cb32e58db9763da", size = 223491, upload-time = "2025-07-04T16:45:50.239Z" },
    { url = "https://files.pythonhosted.org/packages/4e/64/ccc8ec8aa31eaa09b8b2b8922c50d97af8d41a24254499f5eaf926352c26/xatlas-0.0.11-cp313-cp313-macosx_11_0_arm64.whl", hash = "sha256:70a459492c0ffcf7e37a77ac37f8a4483acd87aee07de9600e4f056e56c326dd", size = 201092, upload-time = "2025-07-04T16:45:51.224Z" },
    { url = "https://files.pythonhosted.org/packages/f7/9f/2bd9b63d24751db2ba6c85944e09be2bc897aaace224d22dbc764a19487f/xatlas-0.0.11-cp313-cp313-manylinux_2_17_i686.manylinux2014_i686.whl", hash = "sha256:7739f75c588808a0ad0b3a730661143dddddceec84401451989b829d9986df94", size = 268197, upload-time = "2025-07-04T16:45:52.673Z" },
    { url = "https://files.pythonhosted.org/packages/85/84/df846c46097331af6a10d3675edefc2ab893cb784c02fc7ab1e8cc580457/xatlas-0.0.11-cp313-cp313-manylinux_2_17_x86_64.manylinux2014_x86_64.whl", hash = "sha256:1c2ba5ca5e26dba5e9a04aab98ee5de0e5a0e8c87a1feae83da11052b83d86dd", size = 260836, upload-time = "2025-07-04T16:45:53.718Z" },
    { url = "https://files.pythonhosted.org/packages/ec/9a/962bc0ddcce7c81e9f08b020132d8b0143f18d8ee49744aca669a2fe1a1b/xatlas-0.0.11-cp313-cp313-musllinux_1_2_i686.whl", hash = "sha256:494206aa15a28f44691acd1575344181717b300e5602187e7db04fa72e0d1e9b", size = 1414366, upload-time = "2025-07-04T16:45:54.942Z" },
    { url = "https://files.pythonhosted.org/packages/11/15/fe587b62db22b9d5220576995de67d7d00f0d3b8a6d461cc670831820676/xatlas-0.0.11-cp313-cp313-musllinux_1_2_x86_64.whl", hash = "sha256:ff4c084c1f2cccbc781302484613c4d87fcbab1fa4972a4e84194acb18bbf9d9", size = 1291580, upload-time = "2025-07-04T16:45:56.18Z" },
    { url = "https://files.pythonhosted.org/packages/73/c6/8eba622eead5571c73fb997095ab156ba40f8e99471b9b37053d32a338d4/xatlas-0.0.11-cp313-cp313-win32.whl", hash = "sha256:12d5f37f60bc6a82e538dc553eb3ebe85fd622ecb9b6d32505db4c3ea1202706", size = 185822, upload-time = "2025-07-04T16:45:57.222Z" },
    { url = "https://files.pythonhosted.org/packages/8c/91/116e12b0b7bce720eea981b06b39150ceaef49b044bd3b535316443cfd05/xatlas-0.0.11-cp313-cp313-win_amd64.whl", hash = "sha256:81431d19c3a11dc3fbae95460cd6b16239636b21fa7c30bd5796976a03844ede", size = 207911, upload-time = "2025-07-04T16:45:58.526Z" },
]
